
Microsoft Visual Studio Solution File, Format Version 12.00
# Visual Studio Version 17
VisualStudioVersion = 17.2.32630.192
MinimumVisualStudioVersion = 10.0.40219.1
Project("{FAE04EC0-301F-11D3-BF4B-00C04F79EFBC}") = "FanControl.EFC_X9", "FanControl.EFC_X9\FanControl.EFC_X9.csproj", "{A261FD03-5DF0-491D-A8BA-009B3B88C367}"
EndProject
Global
	GlobalSection(SolutionConfigurationPlatforms) = preSolution
		Debug|Any CPU = Debug|Any CPU
		Release|Any CPU = Release|Any CPU
	EndGlobalSection
	GlobalSection(ProjectConfigurationPlatforms) = postSolution
		{A261FD03-5DF0-491D-A8BA-009B3B88C367}.Debug|Any CPU.ActiveCfg = Debug|Any CPU
		{A261FD03-5DF0-491D-A8BA-009B3B88C367}.Debug|Any CPU.Build.0 = Debug|Any CPU
		{A261FD03-5DF0-491D-A8BA-009B3B88C367}.Release|Any CPU.ActiveCfg = Release|Any CPU
		{A261FD03-5DF0-491D-A8BA-009B3B88C367}.Release|Any CPU.Build.0 = Release|Any CPU
	EndGlobalSection
	GlobalSection(SolutionProperties) = preSolution
		HideSolutionNode = FALSE
	EndGlobalSection
	GlobalSection(ExtensibilityGlobals) = postSolution
		SolutionGuid = {8E4FA1F4-47C2-4D88-9795-7B78A27669FA}
	EndGlobalSection
EndGlobal
